{
  "name": "ouro-api-shared",
  "lockfileVersion": 3,
  "requires": true,
  "packages": {
    "": {
      "dependencies": {
        "@bufbuild/protobuf": "^2.2.5"
      },
      "devDependencies": {
        "@bufbuild/buf": "^1.55.0",
        "@bufbuild/protoc-gen-es": "^2.5.2"
      }
    },
    "node_modules/@bufbuild/buf": {
      "version": "1.55.0",
      "resolved": "https://registry.npmjs.org/@bufbuild/buf/-/buf-1.55.0.tgz",
      "integrity": "sha512-pAaKNxaooGyZXqVJTAM3VW5wl7tSqDa+441JXRCM5ZTVxUQJro7ZefzAplluvln9ckXYucDTKRRetNk4oLf0OQ==",
      "dev": true,
      "hasInstallScript": true,
      "license": "Apache-2.0",
      "bin": {
        "buf": "bin/buf",
        "protoc-gen-buf-breaking": "bin/protoc-gen-buf-breaking",
        "protoc-gen-buf-lint": "bin/protoc-gen-buf-lint"
      },
      "engines": {
        "node": ">=12"
      },
      "optionalDependencies": {
        "@bufbuild/buf-darwin-arm64": "1.55.0",
        "@bufbuild/buf-darwin-x64": "1.55.0",
        "@bufbuild/buf-linux-aarch64": "1.55.0",
        "@bufbuild/buf-linux-armv7": "1.55.0",
        "@bufbuild/buf-linux-x64": "1.55.0",
        "@bufbuild/buf-win32-arm64": "1.55.0",
        "@bufbuild/buf-win32-x64": "1.55.0"
      }
    },
    "node_modules/@bufbuild/buf-darwin-arm64": {
      "version": "1.55.0",
      "resolved": "https://registry.npmjs.org/@bufbuild/buf-darwin-arm64/-/buf-darwin-arm64-1.55.0.tgz",
      "integrity": "sha512-v+O0tV/zicFheVy58apv9TblDOZk+XaD+dZKlo8X56ndwbwh1nW1bfQrdABU2/Z+4Kt+lPL9Ozz9WqIuWZe5Ng==",
      "cpu": [
        "arm64"
      ],
      "dev": true,
      "license": "Apache-2.0",
      "optional": true,
      "os": [
        "darwin"
      ],
      "engines": {
        "node": ">=12"
      }
    },
    "node_modules/@bufbuild/buf-darwin-x64": {
      "version": "1.55.0",
      "resolved": "https://registry.npmjs.org/@bufbuild/buf-darwin-x64/-/buf-darwin-x64-1.55.0.tgz",
      "integrity": "sha512-gwOIECHeUmqoiCAJWnu9rN420PVaVe26by5g1j47Bj2567fzxDmTTohhqnbDPR3Kx12HWuUyNmgjt7Odz34bMQ==",
      "cpu": [
        "x64"
      ],
      "dev": true,
      "license": "Apache-2.0",
      "optional": true,
      "os": [
        "darwin"
      ],
      "engines": {
        "node": ">=12"
      }
    },
    "node_modules/@bufbuild/buf-linux-aarch64": {
      "version": "1.55.0",
      "resolved": "https://registry.npmjs.org/@bufbuild/buf-linux-aarch64/-/buf-linux-aarch64-1.55.0.tgz",
      "integrity": "sha512-SddK/NTovVN6ShdFZevjnBDpiFhtRacn68wpx0eJQ3asphOHH88YC+WA8yuvA88suQIGPkEl5UXjMjeUKA3z6w==",
      "cpu": [
        "arm64"
      ],
      "dev": true,
      "license": "Apache-2.0",
      "optional": true,
      "os": [
        "linux"
      ],
      "engines": {
        "node": ">=12"
      }
    },
    "node_modules/@bufbuild/buf-linux-armv7": {
      "version": "1.55.0",
      "resolved": "https://registry.npmjs.org/@bufbuild/buf-linux-armv7/-/buf-linux-armv7-1.55.0.tgz",
      "integrity": "sha512-q+7amUGI0O2rfoVkPptDSddm8Yq8SJmOYwkgAb+MD2pdVyacnSNHJVLew3zIIWXHLTTap2s5zXtZzNDNbJakLA==",
      "cpu": [
        "arm"
      ],
      "dev": true,
      "license": "Apache-2.0",
      "optional": true,
      "os": [
        "linux"
      ],
      "engines": {
        "node": ">=12"
      }
    },
    "node_modules/@bufbuild/buf-linux-x64": {
      "version": "1.55.0",
      "resolved": "https://registry.npmjs.org/@bufbuild/buf-linux-x64/-/buf-linux-x64-1.55.0.tgz",
      "integrity": "sha512-tatRe5swhSr1cTuqxUk4ElvGsssJuLi8kDeTSu0LHFs8nXxJxFqUQdGGRrW7I2vRNRMszS0kkq+lrOQGItguuQ==",
      "cpu": [
        "x64"
      ],
      "dev": true,
      "license": "Apache-2.0",
      "optional": true,
      "os": [
        "linux"
      ],
      "engines": {
        "node": ">=12"
      }
    },
    "node_modules/@bufbuild/buf-win32-arm64": {
      "version": "1.55.0",
      "resolved": "https://registry.npmjs.org/@bufbuild/buf-win32-arm64/-/buf-win32-arm64-1.55.0.tgz",
      "integrity": "sha512-nh9dYOeA8oKzkjchyR9qMZrJ57spQthMhXiZcUvtIHSmMhI37fFx70NYNQf3PUYPqK5h9z6H4xH6fsBg0SsNxQ==",
      "cpu": [
        "arm64"
      ],
      "dev": true,
      "license": "Apache-2.0",
      "optional": true,
      "os": [
        "win32"
      ],
      "engines": {
        "node": ">=12"
      }
    },
    "node_modules/@bufbuild/buf-win32-x64": {
      "version": "1.55.0",
      "resolved": "https://registry.npmjs.org/@bufbuild/buf-win32-x64/-/buf-win32-x64-1.55.0.tgz",
      "integrity": "sha512-dd+OyyXOXOqxFgRv/I/CF27Z03zfIZZJz8Z48J65IvGq7/nQ5Okvy1psex40dWCOIqIIqf3lnsvvuY/S/Ay1ww==",
      "cpu": [
        "x64"
      ],
      "dev": true,
      "license": "Apache-2.0",
      "optional": true,
      "os": [
        "win32"
      ],
      "engines": {
        "node": ">=12"
      }
    },
    "node_modules/@bufbuild/protobuf": {
      "version": "2.5.2",
      "resolved": "https://registry.npmjs.org/@bufbuild/protobuf/-/protobuf-2.5.2.tgz",
      "integrity": "sha512-foZ7qr0IsUBjzWIq+SuBLfdQCpJ1j8cTuNNT4owngTHoN5KsJb8L9t65fzz7SCeSWzescoOil/0ldqiL041ABg==",
      "license": "(Apache-2.0 AND BSD-3-Clause)"
    },
    "node_modules/@bufbuild/protoc-gen-es": {
      "version": "2.5.2",
      "resolved": "https://registry.npmjs.org/@bufbuild/protoc-gen-es/-/protoc-gen-es-2.5.2.tgz",
      "integrity": "sha512-G9rvJ3CH1MXxUTppBJLdhc+wS2m6LR1Tvi0sGoDDChmiqJVkOhIeYrqtGMqqLqiE44I7uJGDaYcn1PG3aIGJUg==",
      "dev": true,
      "license": "Apache-2.0",
      "dependencies": {
        "@bufbuild/protobuf": "^2.5.2",
        "@bufbuild/protoplugin": "2.5.2"
      },
      "bin": {
        "protoc-gen-es": "bin/protoc-gen-es"
      },
      "engines": {
        "node": ">=14"
      },
      "peerDependencies": {
        "@bufbuild/protobuf": "2.5.2"
      },
      "peerDependenciesMeta": {
        "@bufbuild/protobuf": {
          "optional": true
        }
      }
    },
    "node_modules/@bufbuild/protoplugin": {
      "version": "2.5.2",
      "resolved": "https://registry.npmjs.org/@bufbuild/protoplugin/-/protoplugin-2.5.2.tgz",
      "integrity": "sha512-7d/NUae/ugs/qgHEYOwkVWGDE3Bf/xjuGviVFs38+MLRdwiHNTiuvzPVwuIPo/1wuZCZn3Nax1cg1owLuY72xw==",
      "dev": true,
      "license": "Apache-2.0",
      "dependencies": {
        "@bufbuild/protobuf": "2.5.2",
        "@typescript/vfs": "^1.5.2",
        "typescript": "5.4.5"
      }
    },
    "node_modules/@typescript/vfs": {
      "version": "1.6.1",
      "resolved": "https://registry.npmjs.org/@typescript/vfs/-/vfs-1.6.1.tgz",
      "integrity": "sha512-JwoxboBh7Oz1v38tPbkrZ62ZXNHAk9bJ7c9x0eI5zBfBnBYGhURdbnh7Z4smN/MV48Y5OCcZb58n972UtbazsA==",
      "dev": true,
      "license": "MIT",
      "dependencies": {
        "debug": "^4.1.1"
      },
      "peerDependencies": {
        "typescript": "*"
      }
    },
    "node_modules/debug": {
      "version": "4.4.1",
      "resolved": "https://registry.npmjs.org/debug/-/debug-4.4.1.tgz",
      "integrity": "sha512-KcKCqiftBJcZr++7ykoDIEwSa3XWowTfNPo92BYxjXiyYEVrUQh2aLyhxBCwww+heortUFxEJYcRzosstTEBYQ==",
      "dev": true,
      "license": "MIT",
      "dependencies": {
        "ms": "^2.1.3"
      },
      "engines": {
        "node": ">=6.0"
      },
      "peerDependenciesMeta": {
        "supports-color": {
          "optional": true
        }
      }
    },
    "node_modules/ms": {
      "version": "2.1.3",
      "resolved": "https://registry.npmjs.org/ms/-/ms-2.1.3.tgz",
      "integrity": "sha512-6FlzubTLZG3J2a/NVCAleEhjzq5oxgHyaCU9yYXvcLsvoVaHJq/s5xXI6/XXP6tz7R9xAOtHnSO/tXtF3WRTlA==",
      "dev": true,
      "license": "MIT"
    },
    "node_modules/typescript": {
      "version": "5.4.5",
      "resolved": "https://registry.npmjs.org/typescript/-/typescript-5.4.5.tgz",
      "integrity": "sha512-vcI4UpRgg81oIRUFwR0WSIHKt11nJ7SAVlYNIu+QpqeyXP+gpQJy/Z4+F0aGxSE4MqwjyXvW/TzgkLAx2AGHwQ==",
      "dev": true,
      "license": "Apache-2.0",
      "bin": {
        "tsc": "bin/tsc",
        "tsserver": "bin/tsserver"
      },
      "engines": {
        "node": ">=14.17"
      }
    }
  }
}
